// !$*UTF8*$!
{
	archiveVersion = 1;
	classes = {
	};
	objectVersion = 50;
	objects = {

/* Begin PBXBuildFile section */
		5F0874ED229D33E7001AA7B5 /* Configuration.swift in Sources */ = {isa = PBXBuildFile; fileRef = 5F0874EC229D33E7001AA7B5 /* Configuration.swift */; };
		5F570DC6225F2962006B641E /* AppDelegate.swift in Sources */ = {isa = PBXBuildFile; fileRef = 5F570DC5225F2962006B641E /* AppDelegate.swift */; };
		5F570DC8225F2962006B641E /* art.scnassets in Resources */ = {isa = PBXBuildFile; fileRef = 5F570DC7225F2962006B641E /* art.scnassets */; };
		5F570DCA225F2962006B641E /* ViewController.swift in Sources */ = {isa = PBXBuildFile; fileRef = 5F570DC9225F2962006B641E /* ViewController.swift */; };
		5F570DCD225F2962006B641E /* Main.storyboard in Resources */ = {isa = PBXBuildFile; fileRef = 5F570DCB225F2962006B641E /* Main.storyboard */; };
		5F570DCF225F2962006B641E /* Assets.xcassets in Resources */ = {isa = PBXBuildFile; fileRef = 5F570DCE225F2962006B641E /* Assets.xcassets */; };
		5F570DD2225F2962006B641E /* LaunchScreen.storyboard in Resources */ = {isa = PBXBuildFile; fileRef = 5F570DD0225F2962006B641E /* LaunchScreen.storyboard */; };
		5F570DE1225F2F47006B641E /* MenuViewController.swift in Sources */ = {isa = PBXBuildFile; fileRef = 5F570DE0225F2F47006B641E /* MenuViewController.swift */; };
		5F570DE3225F2F5C006B641E /* HelpViewController.swift in Sources */ = {isa = PBXBuildFile; fileRef = 5F570DE2225F2F5C006B641E /* HelpViewController.swift */; };
		5F570DE5225F3B3E006B641E /* Plane.swift in Sources */ = {isa = PBXBuildFile; fileRef = 5F570DE4225F3B3E006B641E /* Plane.swift */; };
/* End PBXBuildFile section */

/* Begin PBXFileReference section */
		5F0874EC229D33E7001AA7B5 /* Configuration.swift */ = {isa = PBXFileReference; lastKnownFileType = sourcecode.swift; path = Configuration.swift; sourceTree = "<group>"; };
		5F570DC2225F2962006B641E /* Snake It AR.app */ = {isa = PBXFileReference; explicitFileType = wrapper.application; includeInIndex = 0; path = "Snake It AR.app"; sourceTree = BUILT_PRODUCTS_DIR; };
		5F570DC5225F2962006B641E /* AppDelegate.swift */ = {isa = PBXFileReference; lastKnownFileType = sourcecode.swift; path = AppDelegate.swift; sourceTree = "<group>"; };
		5F570DC7225F2962006B641E /* art.scnassets */ = {isa = PBXFileReference; lastKnownFileType = wrapper.scnassets; path = art.scnassets; sourceTree = "<group>"; };
		5F570DC9225F2962006B641E /* ViewController.swift */ = {isa = PBXFileReference; lastKnownFileType = sourcecode.swift; path = ViewController.swift; sourceTree = "<group>"; };
		5F570DCC225F2962006B641E /* Base */ = {isa = PBXFileReference; lastKnownFileType = file.storyboard; name = Base; path = Base.lproj/Main.storyboard; sourceTree = "<group>"; };
		5F570DCE225F2962006B641E /* Assets.xcassets */ = {isa = PBXFileReference; lastKnownFileType = folder.assetcatalog; path = Assets.xcassets; sourceTree = "<group>"; };
		5F570DD1225F2962006B641E /* Base */ = {isa = PBXFileReference; lastKnownFileType = file.storyboard; name = Base; path = Base.lproj/LaunchScreen.storyboard; sourceTree = "<group>"; };
		5F570DD3225F2962006B641E /* Info.plist */ = {isa = PBXFileReference; lastKnownFileType = text.plist.xml; path = Info.plist; sourceTree = "<group>"; };
		5F570DE0225F2F47006B641E /* MenuViewController.swift */ = {isa = PBXFileReference; lastKnownFileType = sourcecode.swift; path = MenuViewController.swift; sourceTree = "<group>"; };
		5F570DE2225F2F5C006B641E /* HelpViewController.swift */ = {isa = PBXFileReference; lastKnownFileType = sourcecode.swift; path = HelpViewController.swift; sourceTree = "<group>"; };
		5F570DE4225F3B3E006B641E /* Plane.swift */ = {isa = PBXFileReference; lastKnownFileType = sourcecode.swift; path = Plane.swift; sourceTree = "<group>"; };
/* End PBXFileReference section */

/* Begin PBXFrameworksBuildPhase section */
		5F570DBF225F2962006B641E /* Frameworks */ = {
			isa = PBXFrameworksBuildPhase;
			buildActionMask = 2147483647;
			files = (
			);
			runOnlyForDeploymentPostprocessing = 0;
		};
/* End PBXFrameworksBuildPhase section */

/* Begin PBXGroup section */
		5F570DB9225F2962006B641E = {
			isa = PBXGroup;
			children = (
				5F570DC4225F2962006B641E /* Snake It AR */,
				5F570DC3225F2962006B641E /* Products */,
			);
			sourceTree = "<group>";
		};
		5F570DC3225F2962006B641E /* Products */ = {
			isa = PBXGroup;
			children = (
				5F570DC2225F2962006B641E /* Snake It AR.app */,
			);
			name = Products;
			sourceTree = "<group>";
		};
		5F570DC4225F2962006B641E /* Snake It AR */ = {
			isa = PBXGroup;
			children = (
				5F570DDF225F2B40006B641E /* Helper Files */,
				5F570DDE225F2B32006B641E /* Extensions */,
				5F570DDD225F2B2F006B641E /* Custom Nodes */,
				5F570DDC225F2B2C006B641E /* UI */,
				5F570DDB225F2B29006B641E /* Scenes */,
				5F570DDA225F2B26006B641E /* ViewControllers */,
				5F570DD9225F2B20006B641E /* Template */,
			);
			path = "Snake It AR";
			sourceTree = "<group>";
		};
		5F570DD9225F2B20006B641E /* Template */ = {
			isa = PBXGroup;
			children = (
				5F570DC5225F2962006B641E /* AppDelegate.swift */,
				5F570DD3225F2962006B641E /* Info.plist */,
				5F0874EC229D33E7001AA7B5 /* Configuration.swift */,
			);
			name = Template;
			sourceTree = "<group>";
		};
		5F570DDA225F2B26006B641E /* ViewControllers */ = {
			isa = PBXGroup;
			children = (
				5F570DC9225F2962006B641E /* ViewController.swift */,
				5F570DE0225F2F47006B641E /* MenuViewController.swift */,
				5F570DE2225F2F5C006B641E /* HelpViewController.swift */,
			);
			name = ViewControllers;
			sourceTree = "<group>";
		};
		5F570DDB225F2B29006B641E /* Scenes */ = {
			isa = PBXGroup;
			children = (
			);
			name = Scenes;
			sourceTree = "<group>";
		};
		5F570DDC225F2B2C006B641E /* UI */ = {
			isa = PBXGroup;
			children = (
				5F570DC7225F2962006B641E /* art.scnassets */,
				5F570DD0225F2962006B641E /* LaunchScreen.storyboard */,
				5F570DCB225F2962006B641E /* Main.storyboard */,
				5F570DCE225F2962006B641E /* Assets.xcassets */,
			);
			name = UI;
			sourceTree = "<group>";
		};
		5F570DDD225F2B2F006B641E /* Custom Nodes */ = {
			isa = PBXGroup;
			children = (
				5F570DE4225F3B3E006B641E /* Plane.swift */,
			);
			name = "Custom Nodes";
			sourceTree = "<group>";
		};
		5F570DDE225F2B32006B641E /* Extensions */ = {
			isa = PBXGroup;
			children = (
			);
			name = Extensions;
			sourceTree = "<group>";
		};
		5F570DDF225F2B40006B641E /* Helper Files */ = {
			isa = PBXGroup;
			children = (
			);
			name = "Helper Files";
			sourceTree = "<group>";
		};
/* End PBXGroup section */

/* Begin PBXNativeTarget section */
		5F570DC1225F2962006B641E /* Snake It AR */ = {
			isa = PBXNativeTarget;
			buildConfigurationList = 5F570DD6225F2962006B641E /* Build configuration list for PBXNativeTarget "Snake It AR" */;
			buildPhases = (
				5F570DBE225F2962006B641E /* Sources */,
				5F570DBF225F2962006B641E /* Frameworks */,
				5F570DC0225F2962006B641E /* Resources */,
			);
			buildRules = (
			);
			dependencies = (
			);
			name = "Snake It AR";
			productName = "Snake It AR";
			productReference = 5F570DC2225F2962006B641E /* Snake It AR.app */;
			productType = "com.apple.product-type.application";
		};
/* End PBXNativeTarget section */

/* Begin PBXProject section */
		5F570DBA225F2962006B641E /* Project object */ = {
			isa = PBXProject;
			attributes = {
				LastSwiftUpdateCheck = 1020;
				LastUpgradeCheck = 1020;
				ORGANIZATIONNAME = "snake-group";
				TargetAttributes = {
					5F570DC1225F2962006B641E = {
						CreatedOnToolsVersion = 10.2;
					};
				};
			};
			buildConfigurationList = 5F570DBD225F2962006B641E /* Build configuration list for PBXProject "Snake It AR" */;
			compatibilityVersion = "Xcode 9.3";
			developmentRegion = en;
			hasScannedForEncodings = 0;
			knownRegions = (
				en,
				Base,
			);
			mainGroup = 5F570DB9225F2962006B641E;
			productRefGroup = 5F570DC3225F2962006B641E /* Products */;
			projectDirPath = "";
			projectRoot = "";
			targets = (
				5F570DC1225F2962006B641E /* Snake It AR */,
			);
		};
/* End PBXProject section */

/* Begin PBXResourcesBuildPhase section */
		5F570DC0225F2962006B641E /* Resources */ = {
			isa = PBXResourcesBuildPhase;
			buildActionMask = 2147483647;
			files = (
				5F570DC8225F2962006B641E /* art.scnassets in Resources */,
				5F570DD2225F2962006B641E /* LaunchScreen.storyboard in Resources */,
				5F570DCF225F2962006B641E /* Assets.xcassets in Resources */,
				5F570DCD225F2962006B641E /* Main.storyboard in Resources */,
			);
			runOnlyForDeploymentPostprocessing = 0;
		};
/* End PBXResourcesBuildPhase section */

/* Begin PBXSourcesBuildPhase section */
		5F570DBE225F2962006B641E /* Sources */ = {
			isa = PBXSourcesBuildPhase;
			buildActionMask = 2147483647;
			files = (
				5F0874ED229D33E7001AA7B5 /* Configuration.swift in Sources */,
				5F570DCA225F2962006B641E /* ViewController.swift in Sources */,
				5F570DE1225F2F47006B641E /* MenuViewController.swift in Sources */,
				5F570DE5225F3B3E006B641E /* Plane.swift in Sources */,
				5F570DC6225F2962006B641E /* AppDelegate.swift in Sources */,
				5F570DE3225F2F5C006B641E /* HelpViewController.swift in Sources */,
			);
			runOnlyForDeploymentPostprocessing = 0;
		};
/* End PBXSourcesBuildPhase section */

/* Begin PBXVariantGroup section */
		5F570DCB225F2962006B641E /* Main.storyboard */ = {
			isa = PBXVariantGroup;
			children = (
				5F570DCC225F2962006B641E /* Base */,
			);
			name = Main.storyboard;
			sourceTree = "<group>";
		};
		5F570DD0225F2962006B641E /* LaunchScreen.storyboard */ = {
			isa = PBXVariantGroup;
			children = (
				5F570DD1225F2962006B641E /* Base */,
			);
			name = LaunchScreen.storyboard;
			sourceTree = "<group>";
		};
/* End PBXVariantGroup section */

/* Begin XCBuildConfiguration section */
		5F570DD4225F2962006B641E /* Debug */ = {
			isa = XCBuildConfiguration;
			buildSettings = {
				ALWAYS_SEARCH_USER_PATHS = NO;
				CLANG_ANALYZER_NONNULL = YES;
				CLANG_ANALYZER_NUMBER_OBJECT_CONVERSION = YES_AGGRESSIVE;
				CLANG_CXX_LANGUAGE_STANDARD = "gnu++14";
				CLANG_CXX_LIBRARY = "libc++";
				CLANG_ENABLE_MODULES = YES;
				CLANG_ENABLE_OBJC_ARC = YES;
				CLANG_ENABLE_OBJC_WEAK = YES;
				CLANG_WARN_BLOCK_CAPTURE_AUTORELEASING = YES;
				CLANG_WARN_BOOL_CONVERSION = YES;
				CLANG_WARN_COMMA = YES;
				CLANG_WARN_CONSTANT_CONVERSION = YES;
				CLANG_WARN_DEPRECATED_OBJC_IMPLEMENTATIONS = YES;
				CLANG_WARN_DIRECT_OBJC_ISA_USAGE = YES_ERROR;
				CLANG_WARN_DOCUMENTATION_COMMENTS = YES;
				CLANG_WARN_EMPTY_BODY = YES;
				CLANG_WARN_ENUM_CONVERSION = YES;
				CLANG_WARN_INFINITE_RECURSION = YES;
				CLANG_WARN_INT_CONVERSION = YES;
				CLANG_WARN_NON_LITERAL_NULL_CONVERSION = YES;
				CLANG_WARN_OBJC_IMPLICIT_RETAIN_SELF = YES;
				CLANG_WARN_OBJC_LITERAL_CONVERSION = YES;
				CLANG_WARN_OBJC_ROOT_CLASS = YES_ERROR;
				CLANG_WARN_RANGE_LOOP_ANALYSIS = YES;
				CLANG_WARN_STRICT_PROTOTYPES = YES;
				CLANG_WARN_SUSPICIOUS_MOVE = YES;
				CLANG_WARN_UNGUARDED_AVAILABILITY = YES_AGGRESSIVE;
				CLANG_WARN_UNREACHABLE_CODE = YES;
				CLANG_WARN__DUPLICATE_METHOD_MATCH = YES;
				CODE_SIGN_IDENTITY = "iPhone Developer";
				COPY_PHASE_STRIP = NO;
				DEBUG_INFORMATION_FORMAT = dwarf;
				ENABLE_STRICT_OBJC_MSGSEND = YES;
				ENABLE_TESTABILITY = YES;
				GCC_C_LANGUAGE_STANDARD = gnu11;
				GCC_DYNAMIC_NO_PIC = NO;
				GCC_NO_COMMON_BLOCKS = YES;
				GCC_OPTIMIZATION_LEVEL = 0;
				GCC_PREPROCESSOR_DEFINITIONS = (
					"DEBUG=1",
					"$(inherited)",
				);
				GCC_WARN_64_TO_32_BIT_CONVERSION = YES;
				GCC_WARN_ABOUT_RETURN_TYPE = YES_ERROR;
				GCC_WARN_UNDECLARED_SELECTOR = YES;
				GCC_WARN_UNINITIALIZED_AUTOS = YES_AGGRESSIVE;
				GCC_WARN_UNUSED_FUNCTION = YES;
				GCC_WARN_UNUSED_VARIABLE = YES;
				IPHONEOS_DEPLOYMENT_TARGET = 12.2;
				MTL_ENABLE_DEBUG_INFO = INCLUDE_SOURCE;
				MTL_FAST_MATH = YES;
				ONLY_ACTIVE_ARCH = YES;
				SDKROOT = iphoneos;
				SWIFT_ACTIVE_COMPILATION_CONDITIONS = DEBUG;
				SWIFT_OPTIMIZATION_LEVEL = "-Onone";
			};
			name = Debug;
		};
		5F570DD5225F2962006B641E /* Release */ = {
			isa = XCBuildConfiguration;
			buildSettings = {
				ALWAYS_SEARCH_USER_PATHS = NO;
				CLANG_ANALYZER_NONNULL = YES;
				CLANG_ANALYZER_NUMBER_OBJECT_CONVERSION = YES_AGGRESSIVE;
				CLANG_CXX_LANGUAGE_STANDARD = "gnu++14";
				CLANG_CXX_LIBRARY = "libc++";
				CLANG_ENABLE_MODULES = YES;
				CLANG_ENABLE_OBJC_ARC = YES;
				CLANG_ENABLE_OBJC_WEAK = YES;
				CLANG_WARN_BLOCK_CAPTURE_AUTORELEASING = YES;
				CLANG_WARN_BOOL_CONVERSION = YES;
				CLANG_WARN_COMMA = YES;
				CLANG_WARN_CONSTANT_CONVERSION = YES;
				CLANG_WARN_DEPRECATED_OBJC_IMPLEMENTATIONS = YES;
				CLANG_WARN_DIRECT_OBJC_ISA_USAGE = YES_ERROR;
				CLANG_WARN_DOCUMENTATION_COMMENTS = YES;
				CLANG_WARN_EMPTY_BODY = YES;
				CLANG_WARN_ENUM_CONVERSION = YES;
				CLANG_WARN_INFINITE_RECURSION = YES;
				CLANG_WARN_INT_CONVERSION = YES;
				CLANG_WARN_NON_LITERAL_NULL_CONVERSION = YES;
				CLANG_WARN_OBJC_IMPLICIT_RETAIN_SELF = YES;
				CLANG_WARN_OBJC_LITERAL_CONVERSION = YES;
				CLANG_WARN_OBJC_ROOT_CLASS = YES_ERROR;
				CLANG_WARN_RANGE_LOOP_ANALYSIS = YES;
				CLANG_WARN_STRICT_PROTOTYPES = YES;
				CLANG_WARN_SUSPICIOUS_MOVE = YES;
				CLANG_WARN_UNGUARDED_AVAILABILITY = YES_AGGRESSIVE;
				CLANG_WARN_UNREACHABLE_CODE = YES;
				CLANG_WARN__DUPLICATE_METHOD_MATCH = YES;
				CODE_SIGN_IDENTITY = "iPhone Developer";
				COPY_PHASE_STRIP = NO;
				DEBUG_INFORMATION_FORMAT = "dwarf-with-dsym";
				ENABLE_NS_ASSERTIONS = NO;
				ENABLE_STRICT_OBJC_MSGSEND = YES;
				GCC_C_LANGUAGE_STANDARD = gnu11;
				GCC_NO_COMMON_BLOCKS = YES;
				GCC_WARN_64_TO_32_BIT_CONVERSION = YES;
				GCC_WARN_ABOUT_RETURN_TYPE = YES_ERROR;
				GCC_WARN_UNDECLARED_SELECTOR = YES;
				GCC_WARN_UNINITIALIZED_AUTOS = YES_AGGRESSIVE;
				GCC_WARN_UNUSED_FUNCTION = YES;
				GCC_WARN_UNUSED_VARIABLE = YES;
				IPHONEOS_DEPLOYMENT_TARGET = 12.2;
				MTL_ENABLE_DEBUG_INFO = NO;
				MTL_FAST_MATH = YES;
				SDKROOT = iphoneos;
				SWIFT_COMPILATION_MODE = wholemodule;
				SWIFT_OPTIMIZATION_LEVEL = "-O";
				VALIDATE_PRODUCT = YES;
			};
			name = Release;
		};
		5F570DD7225F2962006B641E /* Debug */ = {
			isa = XCBuildConfiguration;
			buildSettings = {
				ASSETCATALOG_COMPILER_APPICON_NAME = AppIcon;
				CODE_SIGN_STYLE = Automatic;
				DEVELOPMENT_TEAM = ULP9692DG2;
				INFOPLIST_FILE = "Snake It AR/Info.plist";
				IPHONEOS_DEPLOYMENT_TARGET = 12.1;
				LD_RUNPATH_SEARCH_PATHS = (
					"$(inherited)",
					"@executable_path/Frameworks",
				);
				PRODUCT_BUNDLE_IDENTIFIER = "com.jacob.Snake-It-AR-23";
				PRODUCT_NAME = "$(TARGET_NAME)";
				SWIFT_VERSION = 4.2;
				TARGETED_DEVICE_FAMILY = "1,2";
			};
			name = Debug;
		};
		5F570DD8225F2962006B641E /* Release */ = {
			isa = XCBuildConfiguration;
			buildSettings = {
				ASSETCATALOG_COMPILER_APPICON_NAME = AppIcon;
				CODE_SIGN_STYLE = Automatic;
				DEVELOPMENT_TEAM = ULP9692DG2;
				INFOPLIST_FILE = "Snake It AR/Info.plist";
				IPHONEOS_DEPLOYMENT_TARGET = 12.1;
				LD_RUNPATH_SEARCH_PATHS = (
					"$(inherited)",
					"@executable_path/Frameworks",
				);
				PRODUCT_BUNDLE_IDENTIFIER = "com.jacob.Snake-It-AR-23";
				PRODUCT_NAME = "$(TARGET_NAME)";
				SWIFT_VERSION = 4.2;
				TARGETED_DEVICE_FAMILY = "1,2";
			};
			name = Release;
		};
/* End XCBuildConfiguration section */

/* Begin XCConfigurationList section */
		5F570DBD225F2962006B641E /* Build configuration list for PBXProject "Snake It AR" */ = {
			isa = XCConfigurationList;
			buildConfigurations = (
				5F570DD4225F2962006B641E /* Debug */,
				5F570DD5225F2962006B641E /* Release */,
			);
			defaultConfigurationIsVisible = 0;
			defaultConfigurationName = Release;
		};
		5F570DD6225F2962006B641E /* Build configuration list for PBXNativeTarget "Snake It AR" */ = {
			isa = XCConfigurationList;
			buildConfigurations = (
				5F570DD7225F2962006B641E /* Debug */,
				5F570DD8225F2962006B641E /* Release */,
			);
			defaultConfigurationIsVisible = 0;
			defaultConfigurationName = Release;
		};
/* End XCConfigurationList section */
	};
	rootObject = 5F570DBA225F2962006B641E /* Project object */;
}
